// !$*UTF8*$!
{
	archiveVersion = 1;
	classes = {
	};
	objectVersion = 56;
	objects = {

/* Begin PBXBuildFile section */
		522EC9FF2A7C1BED00E77CB7 /* ToDoListAppApp.swift in Sources */ = {isa = PBXBuildFile; fileRef = 522EC9FE2A7C1BED00E77CB7 /* ToDoListAppApp.swift */; };
		522ECA012A7C1BED00E77CB7 /* MainView.swift in Sources */ = {isa = PBXBuildFile; fileRef = 522ECA002A7C1BED00E77CB7 /* MainView.swift */; };
		522ECA032A7C1BF100E77CB7 /* Assets.xcassets in Resources */ = {isa = PBXBuildFile; fileRef = 522ECA022A7C1BF100E77CB7 /* Assets.xcassets */; };
		522ECA062A7C1BF100E77CB7 /* Preview Assets.xcassets in Resources */ = {isa = PBXBuildFile; fileRef = 522ECA052A7C1BF100E77CB7 /* Preview Assets.xcassets */; };
		522ECA142A7C398300E77CB7 /* GoogleService-Info.plist in Resources */ = {isa = PBXBuildFile; fileRef = 522ECA132A7C398300E77CB7 /* GoogleService-Info.plist */; };
		522ECA1A2A7C3E6A00E77CB7 /* ProfileView.swift in Sources */ = {isa = PBXBuildFile; fileRef = 522ECA192A7C3E6A00E77CB7 /* ProfileView.swift */; };
		522ECA1C2A7C3E7E00E77CB7 /* ToDoListView.swift in Sources */ = {isa = PBXBuildFile; fileRef = 522ECA1B2A7C3E7E00E77CB7 /* ToDoListView.swift */; };
		522ECA1E2A7C3E9400E77CB7 /* NewItemView.swift in Sources */ = {isa = PBXBuildFile; fileRef = 522ECA1D2A7C3E9400E77CB7 /* NewItemView.swift */; };
		522ECA202A7C3E9F00E77CB7 /* LoginView.swift in Sources */ = {isa = PBXBuildFile; fileRef = 522ECA1F2A7C3E9F00E77CB7 /* LoginView.swift */; };
		522ECA222A7C3EB500E77CB7 /* RegisterView.swift in Sources */ = {isa = PBXBuildFile; fileRef = 522ECA212A7C3EB500E77CB7 /* RegisterView.swift */; };
		522ECA242A7C3EDC00E77CB7 /* ToDoListItemView.swift in Sources */ = {isa = PBXBuildFile; fileRef = 522ECA232A7C3EDC00E77CB7 /* ToDoListItemView.swift */; };
		522ECA262A7C3F0D00E77CB7 /* User.swift in Sources */ = {isa = PBXBuildFile; fileRef = 522ECA252A7C3F0D00E77CB7 /* User.swift */; };
		522ECA282A7C3F1B00E77CB7 /* ToDoListItem.swift in Sources */ = {isa = PBXBuildFile; fileRef = 522ECA272A7C3F1B00E77CB7 /* ToDoListItem.swift */; };
		522ECA2A2A7C3F5D00E77CB7 /* MainViewViewModel.swift in Sources */ = {isa = PBXBuildFile; fileRef = 522ECA292A7C3F5D00E77CB7 /* MainViewViewModel.swift */; };
		522ECA2C2A7C3FCC00E77CB7 /* ProfileViewViewModel.swift in Sources */ = {isa = PBXBuildFile; fileRef = 522ECA2B2A7C3FCC00E77CB7 /* ProfileViewViewModel.swift */; };
		522ECA2E2A7C3FDC00E77CB7 /* ToDoListViewViewModel.swift in Sources */ = {isa = PBXBuildFile; fileRef = 522ECA2D2A7C3FDC00E77CB7 /* ToDoListViewViewModel.swift */; };
		522ECA302A7C3FE800E77CB7 /* NewItemViewViewModel.swift in Sources */ = {isa = PBXBuildFile; fileRef = 522ECA2F2A7C3FE800E77CB7 /* NewItemViewViewModel.swift */; };
		522ECA322A7C3FF300E77CB7 /* LoginViewViewModel.swift in Sources */ = {isa = PBXBuildFile; fileRef = 522ECA312A7C3FF300E77CB7 /* LoginViewViewModel.swift */; };
		522ECA342A7C400100E77CB7 /* RegisterViewViewModel.swift in Sources */ = {isa = PBXBuildFile; fileRef = 522ECA332A7C400100E77CB7 /* RegisterViewViewModel.swift */; };
		522ECA362A7C402800E77CB7 /* ToDoListItemViewViewModel.swift in Sources */ = {isa = PBXBuildFile; fileRef = 522ECA352A7C402800E77CB7 /* ToDoListItemViewViewModel.swift */; };
		522ECA382A7C459500E77CB7 /* HeaderView.swift in Sources */ = {isa = PBXBuildFile; fileRef = 522ECA372A7C459500E77CB7 /* HeaderView.swift */; };
		52355C2F2A7CEFE0003BA09E /* TLButton.swift in Sources */ = {isa = PBXBuildFile; fileRef = 52355C2E2A7CEFDF003BA09E /* TLButton.swift */; };
		52355C312A7D44C2003BA09E /* Extensions.swift in Sources */ = {isa = PBXBuildFile; fileRef = 52355C302A7D44C2003BA09E /* Extensions.swift */; };
		52DF1F402A7F93F100B88146 /* FirebaseAuth in Frameworks */ = {isa = PBXBuildFile; productRef = 52DF1F3F2A7F93F100B88146 /* FirebaseAuth */; };
		52DF1F422A7F93F100B88146 /* FirebaseFirestore in Frameworks */ = {isa = PBXBuildFile; productRef = 52DF1F412A7F93F100B88146 /* FirebaseFirestore */; };
		52DF1F442A7F93F100B88146 /* FirebaseFirestoreSwift in Frameworks */ = {isa = PBXBuildFile; productRef = 52DF1F432A7F93F100B88146 /* FirebaseFirestoreSwift */; };
/* End PBXBuildFile section */

/* Begin PBXFileReference section */
		522EC9FB2A7C1BED00E77CB7 /* ToDoListApp.app */ = {isa = PBXFileReference; explicitFileType = wrapper.application; includeInIndex = 0; path = ToDoListApp.app; sourceTree = BUILT_PRODUCTS_DIR; };
		522EC9FE2A7C1BED00E77CB7 /* ToDoListAppApp.swift */ = {isa = PBXFileReference; lastKnownFileType = sourcecode.swift; path = ToDoListAppApp.swift; sourceTree = "<group>"; };
		522ECA002A7C1BED00E77CB7 /* MainView.swift */ = {isa = PBXFileReference; lastKnownFileType = sourcecode.swift; path = MainView.swift; sourceTree = "<group>"; };
		522ECA022A7C1BF100E77CB7 /* Assets.xcassets */ = {isa = PBXFileReference; lastKnownFileType = folder.assetcatalog; path = Assets.xcassets; sourceTree = "<group>"; };
		522ECA052A7C1BF100E77CB7 /* Preview Assets.xcassets */ = {isa = PBXFileReference; lastKnownFileType = folder.assetcatalog; path = "Preview Assets.xcassets"; sourceTree = "<group>"; };
		522ECA132A7C398300E77CB7 /* GoogleService-Info.plist */ = {isa = PBXFileReference; fileEncoding = 4; lastKnownFileType = text.plist.xml; path = "GoogleService-Info.plist"; sourceTree = "<group>"; };
		522ECA192A7C3E6A00E77CB7 /* ProfileView.swift */ = {isa = PBXFileReference; lastKnownFileType = sourcecode.swift; path = ProfileView.swift; sourceTree = "<group>"; };
		522ECA1B2A7C3E7E00E77CB7 /* ToDoListView.swift */ = {isa = PBXFileReference; lastKnownFileType = sourcecode.swift; path = ToDoListView.swift; sourceTree = "<group>"; };
		522ECA1D2A7C3E9400E77CB7 /* NewItemView.swift */ = {isa = PBXFileReference; lastKnownFileType = sourcecode.swift; path = NewItemView.swift; sourceTree = "<group>"; };
		522ECA1F2A7C3E9F00E77CB7 /* LoginView.swift */ = {isa = PBXFileReference; lastKnownFileType = sourcecode.swift; path = LoginView.swift; sourceTree = "<group>"; };
		522ECA212A7C3EB500E77CB7 /* RegisterView.swift */ = {isa = PBXFileReference; lastKnownFileType = sourcecode.swift; path = RegisterView.swift; sourceTree = "<group>"; };
		522ECA232A7C3EDC00E77CB7 /* ToDoListItemView.swift */ = {isa = PBXFileReference; lastKnownFileType = sourcecode.swift; path = ToDoListItemView.swift; sourceTree = "<group>"; };
		522ECA252A7C3F0D00E77CB7 /* User.swift */ = {isa = PBXFileReference; lastKnownFileType = sourcecode.swift; path = User.swift; sourceTree = "<group>"; };
		522ECA272A7C3F1B00E77CB7 /* ToDoListItem.swift */ = {isa = PBXFileReference; lastKnownFileType = sourcecode.swift; path = ToDoListItem.swift; sourceTree = "<group>"; };
		522ECA292A7C3F5D00E77CB7 /* MainViewViewModel.swift */ = {isa = PBXFileReference; lastKnownFileType = sourcecode.swift; path = MainViewViewModel.swift; sourceTree = "<group>"; };
		522ECA2B2A7C3FCC00E77CB7 /* ProfileViewViewModel.swift */ = {isa = PBXFileReference; lastKnownFileType = sourcecode.swift; path = ProfileViewViewModel.swift; sourceTree = "<group>"; };
		522ECA2D2A7C3FDC00E77CB7 /* ToDoListViewViewModel.swift */ = {isa = PBXFileReference; lastKnownFileType = sourcecode.swift; path = ToDoListViewViewModel.swift; sourceTree = "<group>"; };
		522ECA2F2A7C3FE800E77CB7 /* NewItemViewViewModel.swift */ = {isa = PBXFileReference; lastKnownFileType = sourcecode.swift; path = NewItemViewViewModel.swift; sourceTree = "<group>"; };
		522ECA312A7C3FF300E77CB7 /* LoginViewViewModel.swift */ = {isa = PBXFileReference; lastKnownFileType = sourcecode.swift; path = LoginViewViewModel.swift; sourceTree = "<group>"; };
		522ECA332A7C400100E77CB7 /* RegisterViewViewModel.swift */ = {isa = PBXFileReference; lastKnownFileType = sourcecode.swift; path = RegisterViewViewModel.swift; sourceTree = "<group>"; };
		522ECA352A7C402800E77CB7 /* ToDoListItemViewViewModel.swift */ = {isa = PBXFileReference; lastKnownFileType = sourcecode.swift; path = ToDoListItemViewViewModel.swift; sourceTree = "<group>"; };
		522ECA372A7C459500E77CB7 /* HeaderView.swift */ = {isa = PBXFileReference; lastKnownFileType = sourcecode.swift; path = HeaderView.swift; sourceTree = "<group>"; };
		52355C2E2A7CEFDF003BA09E /* TLButton.swift */ = {isa = PBXFileReference; lastKnownFileType = sourcecode.swift; path = TLButton.swift; sourceTree = "<group>"; };
		52355C302A7D44C2003BA09E /* Extensions.swift */ = {isa = PBXFileReference; lastKnownFileType = sourcecode.swift; path = Extensions.swift; sourceTree = "<group>"; };
/* End PBXFileReference section */

/* Begin PBXFrameworksBuildPhase section */
		522EC9F82A7C1BED00E77CB7 /* Frameworks */ = {
			isa = PBXFrameworksBuildPhase;
			buildActionMask = 2147483647;
			files = (
				52DF1F402A7F93F100B88146 /* FirebaseAuth in Frameworks */,
				52DF1F422A7F93F100B88146 /* FirebaseFirestore in Frameworks */,
				52DF1F442A7F93F100B88146 /* FirebaseFirestoreSwift in Frameworks */,
			);
			runOnlyForDeploymentPostprocessing = 0;
		};
/* End PBXFrameworksBuildPhase section */

/* Begin PBXGroup section */
		522EC9F22A7C1BED00E77CB7 = {
			isa = PBXGroup;
			children = (
				522EC9FD2A7C1BED00E77CB7 /* ToDoListApp */,
				522EC9FC2A7C1BED00E77CB7 /* Products */,
			);
			sourceTree = "<group>";
		};
		522EC9FC2A7C1BED00E77CB7 /* Products */ = {
			isa = PBXGroup;
			children = (
				522EC9FB2A7C1BED00E77CB7 /* ToDoListApp.app */,
			);
			name = Products;
			sourceTree = "<group>";
		};
		522EC9FD2A7C1BED00E77CB7 /* ToDoListApp */ = {
			isa = PBXGroup;
			children = (
				522ECA182A7C3C2900E77CB7 /* Other */,
				522ECA172A7C3C0000E77CB7 /* Models */,
				522ECA162A7C3BF200E77CB7 /* ViewModels */,
				522ECA152A7C3BDE00E77CB7 /* Views */,
				522ECA022A7C1BF100E77CB7 /* Assets.xcassets */,
				522ECA042A7C1BF100E77CB7 /* Preview Content */,
			);
			path = ToDoListApp;
			sourceTree = "<group>";
		};
		522ECA042A7C1BF100E77CB7 /* Preview Content */ = {
			isa = PBXGroup;
			children = (
			);
			path = "Preview Content";
			sourceTree = "<group>";
		};
		522ECA152A7C3BDE00E77CB7 /* Views */ = {
			isa = PBXGroup;
			children = (
				522ECA002A7C1BED00E77CB7 /* MainView.swift */,
				522ECA192A7C3E6A00E77CB7 /* ProfileView.swift */,
				522ECA1B2A7C3E7E00E77CB7 /* ToDoListView.swift */,
				522ECA1D2A7C3E9400E77CB7 /* NewItemView.swift */,
				522ECA1F2A7C3E9F00E77CB7 /* LoginView.swift */,
				522ECA212A7C3EB500E77CB7 /* RegisterView.swift */,
				522ECA232A7C3EDC00E77CB7 /* ToDoListItemView.swift */,
				522ECA372A7C459500E77CB7 /* HeaderView.swift */,
				52355C2E2A7CEFDF003BA09E /* TLButton.swift */,
			);
			name = Views;
			sourceTree = "<group>";
		};
		522ECA162A7C3BF200E77CB7 /* ViewModels */ = {
			isa = PBXGroup;
			children = (
				522ECA292A7C3F5D00E77CB7 /* MainViewViewModel.swift */,
				522ECA2B2A7C3FCC00E77CB7 /* ProfileViewViewModel.swift */,
				522ECA2D2A7C3FDC00E77CB7 /* ToDoListViewViewModel.swift */,
				522ECA2F2A7C3FE800E77CB7 /* NewItemViewViewModel.swift */,
				522ECA312A7C3FF300E77CB7 /* LoginViewViewModel.swift */,
				522ECA332A7C400100E77CB7 /* RegisterViewViewModel.swift */,
				522ECA352A7C402800E77CB7 /* ToDoListItemViewViewModel.swift */,
			);
			name = ViewModels;
			sourceTree = "<group>";
		};
		522ECA172A7C3C0000E77CB7 /* Models */ = {
			isa = PBXGroup;
			children = (
				522ECA252A7C3F0D00E77CB7 /* User.swift */,
				522ECA272A7C3F1B00E77CB7 /* ToDoListItem.swift */,
			);
			name = Models;
			sourceTree = "<group>";
		};
		522ECA182A7C3C2900E77CB7 /* Other */ = {
			isa = PBXGroup;
			children = (
				522ECA052A7C1BF100E77CB7 /* Preview Assets.xcassets */,
				522EC9FE2A7C1BED00E77CB7 /* ToDoListAppApp.swift */,
				522ECA132A7C398300E77CB7 /* GoogleService-Info.plist */,
				52355C302A7D44C2003BA09E /* Extensions.swift */,
			);
			name = Other;
			sourceTree = "<group>";
		};
/* End PBXGroup section */

/* Begin PBXNativeTarget section */
		522EC9FA2A7C1BED00E77CB7 /* ToDoListApp */ = {
			isa = PBXNativeTarget;
			buildConfigurationList = 522ECA092A7C1BF100E77CB7 /* Build configuration list for PBXNativeTarget "ToDoListApp" */;
			buildPhases = (
				522EC9F72A7C1BED00E77CB7 /* Sources */,
				522EC9F82A7C1BED00E77CB7 /* Frameworks */,
				522EC9F92A7C1BED00E77CB7 /* Resources */,
			);
			buildRules = (
			);
			dependencies = (
			);
			name = ToDoListApp;
			packageProductDependencies = (
				52DF1F3F2A7F93F100B88146 /* FirebaseAuth */,
				52DF1F412A7F93F100B88146 /* FirebaseFirestore */,
				52DF1F432A7F93F100B88146 /* FirebaseFirestoreSwift */,
			);
			productName = ToDoListApp;
			productReference = 522EC9FB2A7C1BED00E77CB7 /* ToDoListApp.app */;
			productType = "com.apple.product-type.application";
		};
/* End PBXNativeTarget section */

/* Begin PBXProject section */
		522EC9F32A7C1BED00E77CB7 /* Project object */ = {
			isa = PBXProject;
			attributes = {
				BuildIndependentTargetsInParallel = 1;
				LastSwiftUpdateCheck = 1420;
				LastUpgradeCheck = 1420;
				TargetAttributes = {
					522EC9FA2A7C1BED00E77CB7 = {
						CreatedOnToolsVersion = 14.2;
					};
				};
			};
			buildConfigurationList = 522EC9F62A7C1BED00E77CB7 /* Build configuration list for PBXProject "ToDoListApp" */;
			compatibilityVersion = "Xcode 14.0";
			developmentRegion = en;
			hasScannedForEncodings = 0;
			knownRegions = (
				en,
				Base,
			);
			mainGroup = 522EC9F22A7C1BED00E77CB7;
			packageReferences = (
				52DF1F3E2A7F93F100B88146 /* XCRemoteSwiftPackageReference "firebase-ios-sdk" */,
			);
			productRefGroup = 522EC9FC2A7C1BED00E77CB7 /* Products */;
			projectDirPath = "";
			projectRoot = "";
			targets = (
				522EC9FA2A7C1BED00E77CB7 /* ToDoListApp */,
			);
		};
/* End PBXProject section */

/* Begin PBXResourcesBuildPhase section */
		522EC9F92A7C1BED00E77CB7 /* Resources */ = {
			isa = PBXResourcesBuildPhase;
			buildActionMask = 2147483647;
			files = (
				522ECA062A7C1BF100E77CB7 /* Preview Assets.xcassets in Resources */,
				522ECA032A7C1BF100E77CB7 /* Assets.xcassets in Resources */,
				522ECA142A7C398300E77CB7 /* GoogleService-Info.plist in Resources */,
			);
			runOnlyForDeploymentPostprocessing = 0;
		};
/* End PBXResourcesBuildPhase section */

/* Begin PBXSourcesBuildPhase section */
		522EC9F72A7C1BED00E77CB7 /* Sources */ = {
			isa = PBXSourcesBuildPhase;
			buildActionMask = 2147483647;
			files = (
				522ECA202A7C3E9F00E77CB7 /* LoginView.swift in Sources */,
				522ECA382A7C459500E77CB7 /* HeaderView.swift in Sources */,
				522ECA012A7C1BED00E77CB7 /* MainView.swift in Sources */,
				522ECA342A7C400100E77CB7 /* RegisterViewViewModel.swift in Sources */,
				522ECA2A2A7C3F5D00E77CB7 /* MainViewViewModel.swift in Sources */,
				522ECA1A2A7C3E6A00E77CB7 /* ProfileView.swift in Sources */,
				522ECA222A7C3EB500E77CB7 /* RegisterView.swift in Sources */,
				52355C2F2A7CEFE0003BA09E /* TLButton.swift in Sources */,
				522ECA2C2A7C3FCC00E77CB7 /* ProfileViewViewModel.swift in Sources */,
				522ECA1C2A7C3E7E00E77CB7 /* ToDoListView.swift in Sources */,
				522ECA262A7C3F0D00E77CB7 /* User.swift in Sources */,
				522ECA242A7C3EDC00E77CB7 /* ToDoListItemView.swift in Sources */,
				522ECA2E2A7C3FDC00E77CB7 /* ToDoListViewViewModel.swift in Sources */,
				522ECA322A7C3FF300E77CB7 /* LoginViewViewModel.swift in Sources */,
				522EC9FF2A7C1BED00E77CB7 /* ToDoListAppApp.swift in Sources */,
				52355C312A7D44C2003BA09E /* Extensions.swift in Sources */,
				522ECA282A7C3F1B00E77CB7 /* ToDoListItem.swift in Sources */,
				522ECA1E2A7C3E9400E77CB7 /* NewItemView.swift in Sources */,
				522ECA302A7C3FE800E77CB7 /* NewItemViewViewModel.swift in Sources */,
				522ECA362A7C402800E77CB7 /* ToDoListItemViewViewModel.swift in Sources */,
			);
			runOnlyForDeploymentPostprocessing = 0;
		};
/* End PBXSourcesBuildPhase section */

/* Begin XCBuildConfiguration section */
		522ECA072A7C1BF100E77CB7 /* Debug */ = {
			isa = XCBuildConfiguration;
			buildSettings = {
				ALWAYS_SEARCH_USER_PATHS = NO;
				CLANG_ANALYZER_NONNULL = YES;
				CLANG_ANALYZER_NUMBER_OBJECT_CONVERSION = YES_AGGRESSIVE;
				CLANG_CXX_LANGUAGE_STANDARD = "gnu++20";
				CLANG_ENABLE_MODULES = YES;
				CLANG_ENABLE_OBJC_ARC = YES;
				CLANG_ENABLE_OBJC_WEAK = YES;
				CLANG_WARN_BLOCK_CAPTURE_AUTORELEASING = YES;
				CLANG_WARN_BOOL_CONVERSION = YES;
				CLANG_WARN_COMMA = YES;
				CLANG_WARN_CONSTANT_CONVERSION = YES;
				CLANG_WARN_DEPRECATED_OBJC_IMPLEMENTATIONS = YES;
				CLANG_WARN_DIRECT_OBJC_ISA_USAGE = YES_ERROR;
				CLANG_WARN_DOCUMENTATION_COMMENTS = YES;
				CLANG_WARN_EMPTY_BODY = YES;
				CLANG_WARN_ENUM_CONVERSION = YES;
				CLANG_WARN_INFINITE_RECURSION = YES;
				CLANG_WARN_INT_CONVERSION = YES;
				CLANG_WARN_NON_LITERAL_NULL_CONVERSION = YES;
				CLANG_WARN_OBJC_IMPLICIT_RETAIN_SELF = YES;
				CLANG_WARN_OBJC_LITERAL_CONVERSION = YES;
				CLANG_WARN_OBJC_ROOT_CLASS = YES_ERROR;
				CLANG_WARN_QUOTED_INCLUDE_IN_FRAMEWORK_HEADER = YES;
				CLANG_WARN_RANGE_LOOP_ANALYSIS = YES;
				CLANG_WARN_STRICT_PROTOTYPES = YES;
				CLANG_WARN_SUSPICIOUS_MOVE = YES;
				CLANG_WARN_UNGUARDED_AVAILABILITY = YES_AGGRESSIVE;
				CLANG_WARN_UNREACHABLE_CODE = YES;
				CLANG_WARN__DUPLICATE_METHOD_MATCH = YES;
				COPY_PHASE_STRIP = NO;
				DEBUG_INFORMATION_FORMAT = dwarf;
				ENABLE_STRICT_OBJC_MSGSEND = YES;
				ENABLE_TESTABILITY = YES;
				GCC_C_LANGUAGE_STANDARD = gnu11;
				GCC_DYNAMIC_NO_PIC = NO;
				GCC_NO_COMMON_BLOCKS = YES;
				GCC_OPTIMIZATION_LEVEL = 0;
				GCC_PREPROCESSOR_DEFINITIONS = (
					"DEBUG=1",
					"$(inherited)",
				);
				GCC_WARN_64_TO_32_BIT_CONVERSION = YES;
				GCC_WARN_ABOUT_RETURN_TYPE = YES_ERROR;
				GCC_WARN_UNDECLARED_SELECTOR = YES;
				GCC_WARN_UNINITIALIZED_AUTOS = YES_AGGRESSIVE;
				GCC_WARN_UNUSED_FUNCTION = YES;
				GCC_WARN_UNUSED_VARIABLE = YES;
				IPHONEOS_DEPLOYMENT_TARGET = 16.2;
				MTL_ENABLE_DEBUG_INFO = INCLUDE_SOURCE;
				MTL_FAST_MATH = YES;
				ONLY_ACTIVE_ARCH = YES;
				SDKROOT = iphoneos;
				SWIFT_ACTIVE_COMPILATION_CONDITIONS = DEBUG;
				SWIFT_OPTIMIZATION_LEVEL = "-Onone";
			};
			name = Debug;
		};
		522ECA082A7C1BF100E77CB7 /* Release */ = {
			isa = XCBuildConfiguration;
			buildSettings = {
				ALWAYS_SEARCH_USER_PATHS = NO;
				CLANG_ANALYZER_NONNULL = YES;
				CLANG_ANALYZER_NUMBER_OBJECT_CONVERSION = YES_AGGRESSIVE;
				CLANG_CXX_LANGUAGE_STANDARD = "gnu++20";
				CLANG_ENABLE_MODULES = YES;
				CLANG_ENABLE_OBJC_ARC = YES;
				CLANG_ENABLE_OBJC_WEAK = YES;
				CLANG_WARN_BLOCK_CAPTURE_AUTORELEASING = YES;
				CLANG_WARN_BOOL_CONVERSION = YES;
				CLANG_WARN_COMMA = YES;
				CLANG_WARN_CONSTANT_CONVERSION = YES;
				CLANG_WARN_DEPRECATED_OBJC_IMPLEMENTATIONS = YES;
				CLANG_WARN_DIRECT_OBJC_ISA_USAGE = YES_ERROR;
				CLANG_WARN_DOCUMENTATION_COMMENTS = YES;
				CLANG_WARN_EMPTY_BODY = YES;
				CLANG_WARN_ENUM_CONVERSION = YES;
				CLANG_WARN_INFINITE_RECURSION = YES;
				CLANG_WARN_INT_CONVERSION = YES;
				CLANG_WARN_NON_LITERAL_NULL_CONVERSION = YES;
				CLANG_WARN_OBJC_IMPLICIT_RETAIN_SELF = YES;
				CLANG_WARN_OBJC_LITERAL_CONVERSION = YES;
				CLANG_WARN_OBJC_ROOT_CLASS = YES_ERROR;
				CLANG_WARN_QUOTED_INCLUDE_IN_FRAMEWORK_HEADER = YES;
				CLANG_WARN_RANGE_LOOP_ANALYSIS = YES;
				CLANG_WARN_STRICT_PROTOTYPES = YES;
				CLANG_WARN_SUSPICIOUS_MOVE = YES;
				CLANG_WARN_UNGUARDED_AVAILABILITY = YES_AGGRESSIVE;
				CLANG_WARN_UNREACHABLE_CODE = YES;
				CLANG_WARN__DUPLICATE_METHOD_MATCH = YES;
				COPY_PHASE_STRIP = NO;
				DEBUG_INFORMATION_FORMAT = "dwarf-with-dsym";
				ENABLE_NS_ASSERTIONS = NO;
				ENABLE_STRICT_OBJC_MSGSEND = YES;
				GCC_C_LANGUAGE_STANDARD = gnu11;
				GCC_NO_COMMON_BLOCKS = YES;
				GCC_WARN_64_TO_32_BIT_CONVERSION = YES;
				GCC_WARN_ABOUT_RETURN_TYPE = YES_ERROR;
				GCC_WARN_UNDECLARED_SELECTOR = YES;
				GCC_WARN_UNINITIALIZED_AUTOS = YES_AGGRESSIVE;
				GCC_WARN_UNUSED_FUNCTION = YES;
				GCC_WARN_UNUSED_VARIABLE = YES;
				IPHONEOS_DEPLOYMENT_TARGET = 16.2;
				MTL_ENABLE_DEBUG_INFO = NO;
				MTL_FAST_MATH = YES;
				SDKROOT = iphoneos;
				SWIFT_COMPILATION_MODE = wholemodule;
				SWIFT_OPTIMIZATION_LEVEL = "-O";
				VALIDATE_PRODUCT = YES;
			};
			name = Release;
		};
		522ECA0A2A7C1BF100E77CB7 /* Debug */ = {
			isa = XCBuildConfiguration;
			buildSettings = {
				ASSETCATALOG_COMPILER_APPICON_NAME = AppIcon;
				ASSETCATALOG_COMPILER_GLOBAL_ACCENT_COLOR_NAME = AccentColor;
				CODE_SIGN_STYLE = Automatic;
				CURRENT_PROJECT_VERSION = 1;
				DEVELOPMENT_ASSET_PATHS = "\"ToDoListApp/Preview Content\"";
				DEVELOPMENT_TEAM = NGPSQV4UA8;
				ENABLE_PREVIEWS = YES;
				GENERATE_INFOPLIST_FILE = YES;
				INFOPLIST_KEY_CFBundleDisplayName = "To Do List";
				INFOPLIST_KEY_UIApplicationSceneManifest_Generation = YES;
				INFOPLIST_KEY_UIApplicationSupportsIndirectInputEvents = YES;
				INFOPLIST_KEY_UILaunchScreen_Generation = YES;
				INFOPLIST_KEY_UISupportedInterfaceOrientations = UIInterfaceOrientationPortrait;
				LD_RUNPATH_SEARCH_PATHS = (
					"$(inherited)",
					"@executable_path/Frameworks",
				);
				MARKETING_VERSION = 1.0;
				PRODUCT_BUNDLE_IDENTIFIER = fakharaldin.ToDoListApp;
				PRODUCT_NAME = "$(TARGET_NAME)";
				SWIFT_EMIT_LOC_STRINGS = YES;
				SWIFT_VERSION = 5.0;
				TARGETED_DEVICE_FAMILY = "1,2";
			};
			name = Debug;
		};
		522ECA0B2A7C1BF100E77CB7 /* Release */ = {
			isa = XCBuildConfiguration;
			buildSettings = {
				ASSETCATALOG_COMPILER_APPICON_NAME = AppIcon;
				ASSETCATALOG_COMPILER_GLOBAL_ACCENT_COLOR_NAME = AccentColor;
				CODE_SIGN_STYLE = Automatic;
				CURRENT_PROJECT_VERSION = 1;
				DEVELOPMENT_ASSET_PATHS = "\"ToDoListApp/Preview Content\"";
				DEVELOPMENT_TEAM = NGPSQV4UA8;
				ENABLE_PREVIEWS = YES;
				GENERATE_INFOPLIST_FILE = YES;
				INFOPLIST_KEY_CFBundleDisplayName = "To Do List";
				INFOPLIST_KEY_UIApplicationSceneManifest_Generation = YES;
				INFOPLIST_KEY_UIApplicationSupportsIndirectInputEvents = YES;
				INFOPLIST_KEY_UILaunchScreen_Generation = YES;
				INFOPLIST_KEY_UISupportedInterfaceOrientations = UIInterfaceOrientationPortrait;
				LD_RUNPATH_SEARCH_PATHS = (
					"$(inherited)",
					"@executable_path/Frameworks",
				);
				MARKETING_VERSION = 1.0;
				PRODUCT_BUNDLE_IDENTIFIER = fakharaldin.ToDoListApp;
				PRODUCT_NAME = "$(TARGET_NAME)";
				SWIFT_EMIT_LOC_STRINGS = YES;
				SWIFT_VERSION = 5.0;
				TARGETED_DEVICE_FAMILY = "1,2";
			};
			name = Release;
		};
/* End XCBuildConfiguration section */

/* Begin XCConfigurationList section */
		522EC9F62A7C1BED00E77CB7 /* Build configuration list for PBXProject "ToDoListApp" */ = {
			isa = XCConfigurationList;
			buildConfigurations = (
				522ECA072A7C1BF100E77CB7 /* Debug */,
				522ECA082A7C1BF100E77CB7 /* Release */,
			);
			defaultConfigurationIsVisible = 0;
			defaultConfigurationName = Release;
		};
		522ECA092A7C1BF100E77CB7 /* Build configuration list for PBXNativeTarget "ToDoListApp" */ = {
			isa = XCConfigurationList;
			buildConfigurations = (
				522ECA0A2A7C1BF100E77CB7 /* Debug */,
				522ECA0B2A7C1BF100E77CB7 /* Release */,
			);
			defaultConfigurationIsVisible = 0;
			defaultConfigurationName = Release;
		};
/* End XCConfigurationList section */

/* Begin XCRemoteSwiftPackageReference section */
		52DF1F3E2A7F93F100B88146 /* XCRemoteSwiftPackageReference "firebase-ios-sdk" */ = {
			isa = XCRemoteSwiftPackageReference;
			repositoryURL = "https://github.com/firebase/firebase-ios-sdk.git";
			requirement = {
				branch = master;
				kind = branch;
			};
		};
/* End XCRemoteSwiftPackageReference section */

/* Begin XCSwiftPackageProductDependency section */
		52DF1F3F2A7F93F100B88146 /* FirebaseAuth */ = {
			isa = XCSwiftPackageProductDependency;
			package = 52DF1F3E2A7F93F100B88146 /* XCRemoteSwiftPackageReference "firebase-ios-sdk" */;
			productName = FirebaseAuth;
		};
		52DF1F412A7F93F100B88146 /* FirebaseFirestore */ = {
			isa = XCSwiftPackageProductDependency;
			package = 52DF1F3E2A7F93F100B88146 /* XCRemoteSwiftPackageReference "firebase-ios-sdk" */;
			productName = FirebaseFirestore;
		};
		52DF1F432A7F93F100B88146 /* FirebaseFirestoreSwift */ = {
			isa = XCSwiftPackageProductDependency;
			package = 52DF1F3E2A7F93F100B88146 /* XCRemoteSwiftPackageReference "firebase-ios-sdk" */;
			productName = FirebaseFirestoreSwift;
		};
/* End XCSwiftPackageProductDependency section */
	};
	rootObject = 522EC9F32A7C1BED00E77CB7 /* Project object */;
}
